
Microsoft Visual Studio Solution File, Format Version 12.00
# Visual Studio Version 16
VisualStudioVersion = 16.0.28621.142
MinimumVisualStudioVersion = 10.0.40219.1
Project("{FAE04EC0-301F-11D3-BF4B-00C04F79EFBC}") = "AmigoPaperWorkProcessSystem", "AmigoPaperWorkProcessSystem\AmigoPaperWorkProcessSystem.csproj", "{BFB39145-9439-4B55-A3CF-26ACAD4A6E6D}"
EndProject
Project("{FAE04EC0-301F-11D3-BF4B-00C04F79EFBC}") = "AmigoPaperWorkProcessSystem.3A", "AmigoPaperWorkProcessSystem.3A\AmigoPaperWorkProcessSystem.3A.csproj", "{C5E4EBC3-302F-4FB0-9514-A4B6CBCB5D00}"
EndProject
Project("{FAE04EC0-301F-11D3-BF4B-00C04F79EFBC}") = "AmigoPaperWorkProcessSystem.3B", "AmigoPaperWorkProcessSystem.3B\AmigoPaperWorkProcessSystem.3B.csproj", "{730EC278-0161-422B-9619-C8ED429E086C}"
EndProject
Project("{FAE04EC0-301F-11D3-BF4B-00C04F79EFBC}") = "AmigoPaperWorkProcessSystem.Core", "AmigoPapaerWorkProcessSystem.Core\AmigoPaperWorkProcessSystem.Core.csproj", "{CE9581DD-FB85-4AD8-ABC6-C62322056FAB}"
EndProject
Global
	GlobalSection(SolutionConfigurationPlatforms) = preSolution
		Debug|Any CPU = Debug|Any CPU
		Release|Any CPU = Release|Any CPU
	EndGlobalSection
	GlobalSection(ProjectConfigurationPlatforms) = postSolution
		{BFB39145-9439-4B55-A3CF-26ACAD4A6E6D}.Debug|Any CPU.ActiveCfg = Debug|Any CPU
		{BFB39145-9439-4B55-A3CF-26ACAD4A6E6D}.Debug|Any CPU.Build.0 = Debug|Any CPU
		{BFB39145-9439-4B55-A3CF-26ACAD4A6E6D}.Release|Any CPU.ActiveCfg = Release|Any CPU
		{BFB39145-9439-4B55-A3CF-26ACAD4A6E6D}.Release|Any CPU.Build.0 = Release|Any CPU
		{C5E4EBC3-302F-4FB0-9514-A4B6CBCB5D00}.Debug|Any CPU.ActiveCfg = Debug|Any CPU
		{C5E4EBC3-302F-4FB0-9514-A4B6CBCB5D00}.Debug|Any CPU.Build.0 = Debug|Any CPU
		{C5E4EBC3-302F-4FB0-9514-A4B6CBCB5D00}.Release|Any CPU.ActiveCfg = Release|Any CPU
		{C5E4EBC3-302F-4FB0-9514-A4B6CBCB5D00}.Release|Any CPU.Build.0 = Release|Any CPU
		{730EC278-0161-422B-9619-C8ED429E086C}.Debug|Any CPU.ActiveCfg = Debug|Any CPU
		{730EC278-0161-422B-9619-C8ED429E086C}.Debug|Any CPU.Build.0 = Debug|Any CPU
		{730EC278-0161-422B-9619-C8ED429E086C}.Release|Any CPU.ActiveCfg = Release|Any CPU
		{730EC278-0161-422B-9619-C8ED429E086C}.Release|Any CPU.Build.0 = Release|Any CPU
		{CE9581DD-FB85-4AD8-ABC6-C62322056FAB}.Debug|Any CPU.ActiveCfg = Debug|Any CPU
		{CE9581DD-FB85-4AD8-ABC6-C62322056FAB}.Debug|Any CPU.Build.0 = Debug|Any CPU
		{CE9581DD-FB85-4AD8-ABC6-C62322056FAB}.Release|Any CPU.ActiveCfg = Release|Any CPU
		{CE9581DD-FB85-4AD8-ABC6-C62322056FAB}.Release|Any CPU.Build.0 = Release|Any CPU
	EndGlobalSection
	GlobalSection(SolutionProperties) = preSolution
		HideSolutionNode = FALSE
	EndGlobalSection
	GlobalSection(ExtensibilityGlobals) = postSolution
		SolutionGuid = {0BE65B58-71BD-4DBC-BFB3-A56CD221AAC5}
	EndGlobalSection
EndGlobal
